
Microsoft Visual Studio Solution File, Format Version 12.00
# Visual Studio Version 17
VisualStudioVersion = 17.11.35312.102
MinimumVisualStudioVersion = 10.0.40219.1
Project("{FAE04EC0-301F-11D3-BF4B-00C04F79EFBC}") = "ConsoleApp1", "ConsoleApp1\ConsoleApp1.csproj", "{B1D19F05-2EAB-4E98-A634-CF23A0B86008}"
EndProject
Global
	GlobalSection(SolutionConfigurationPlatforms) = preSolution
		Debug|Any CPU = Debug|Any CPU
		Release|Any CPU = Release|Any CPU
	EndGlobalSection
	GlobalSection(ProjectConfigurationPlatforms) = postSolution
		{B1D19F05-2EAB-4E98-A634-CF23A0B86008}.Debug|Any CPU.ActiveCfg = Debug|Any CPU
		{B1D19F05-2EAB-4E98-A634-CF23A0B86008}.Debug|Any CPU.Build.0 = Debug|Any CPU
		{B1D19F05-2EAB-4E98-A634-CF23A0B86008}.Release|Any CPU.ActiveCfg = Release|Any CPU
		{B1D19F05-2EAB-4E98-A634-CF23A0B86008}.Release|Any CPU.Build.0 = Release|Any CPU
	EndGlobalSection
	GlobalSection(SolutionProperties) = preSolution
		HideSolutionNode = FALSE
	EndGlobalSection
	GlobalSection(ExtensibilityGlobals) = postSolution
		SolutionGuid = {2F469848-C83B-4AEA-9A15-09ED7BCB444E}
	EndGlobalSection
EndGlobal
